
Microsoft Visual Studio Solution File, Format Version 12.00
# Visual Studio Version 16
VisualStudioVersion = 16.0.31424.327
MinimumVisualStudioVersion = 10.0.40219.1
Project("{FAE04EC0-301F-11D3-BF4B-00C04F79EFBC}") = "WebApplicationDGP", "WebApplicationDGP\WebApplicationDGP.csproj", "{F09E770F-1DF2-4454-997A-E6BAE1C20BD7}"
EndProject
Project("{FAE04EC0-301F-11D3-BF4B-00C04F79EFBC}") = "TestProject1", "TestProject1\TestProject1.csproj", "{7C57CFFA-3418-477D-90A7-823194E306F5}"
EndProject
Global
	GlobalSection(SolutionConfigurationPlatforms) = preSolution
		Debug|Any CPU = Debug|Any CPU
		Release|Any CPU = Release|Any CPU
	EndGlobalSection
	GlobalSection(ProjectConfigurationPlatforms) = postSolution
		{F09E770F-1DF2-4454-997A-E6BAE1C20BD7}.Debug|Any CPU.ActiveCfg = Debug|Any CPU
		{F09E770F-1DF2-4454-997A-E6BAE1C20BD7}.Debug|Any CPU.Build.0 = Debug|Any CPU
		{F09E770F-1DF2-4454-997A-E6BAE1C20BD7}.Release|Any CPU.ActiveCfg = Release|Any CPU
		{F09E770F-1DF2-4454-997A-E6BAE1C20BD7}.Release|Any CPU.Build.0 = Release|Any CPU
		{7C57CFFA-3418-477D-90A7-823194E306F5}.Debug|Any CPU.ActiveCfg = Debug|Any CPU
		{7C57CFFA-3418-477D-90A7-823194E306F5}.Debug|Any CPU.Build.0 = Debug|Any CPU
		{7C57CFFA-3418-477D-90A7-823194E306F5}.Release|Any CPU.ActiveCfg = Release|Any CPU
		{7C57CFFA-3418-477D-90A7-823194E306F5}.Release|Any CPU.Build.0 = Release|Any CPU
	EndGlobalSection
	GlobalSection(SolutionProperties) = preSolution
		HideSolutionNode = FALSE
	EndGlobalSection
	GlobalSection(ExtensibilityGlobals) = postSolution
		SolutionGuid = {9DE82D77-9CD6-4DFB-829D-5F2D9C0B6F0C}
	EndGlobalSection
EndGlobal
